
Microsoft Visual Studio Solution File, Format Version 12.00
# Visual Studio 2013
VisualStudioVersion = 12.0.21005.1
MinimumVisualStudioVersion = 10.0.40219.1
Project("{FAE04EC0-301F-11D3-BF4B-00C04F79EFBC}") = "Library", "Library\Library.csproj", "{ECF7C49A-561D-4616-BAAC-2E037BB40894}"
EndProject
Project("{FAE04EC0-301F-11D3-BF4B-00C04F79EFBC}") = "Example", "Example\Example.csproj", "{9D5464F6-03EF-4510-8E98-23CC28F2C24F}"
EndProject
Global
	GlobalSection(SolutionConfigurationPlatforms) = preSolution
		Debug|Any CPU = Debug|Any CPU
		Release|Any CPU = Release|Any CPU
	EndGlobalSection
	GlobalSection(ProjectConfigurationPlatforms) = postSolution
		{ECF7C49A-561D-4616-BAAC-2E037BB40894}.Debug|Any CPU.ActiveCfg = Debug|Any CPU
		{ECF7C49A-561D-4616-BAAC-2E037BB40894}.Debug|Any CPU.Build.0 = Debug|Any CPU
		{ECF7C49A-561D-4616-BAAC-2E037BB40894}.Release|Any CPU.ActiveCfg = Release|Any CPU
		{ECF7C49A-561D-4616-BAAC-2E037BB40894}.Release|Any CPU.Build.0 = Release|Any CPU
		{9D5464F6-03EF-4510-8E98-23CC28F2C24F}.Debug|Any CPU.ActiveCfg = Debug|Any CPU
		{9D5464F6-03EF-4510-8E98-23CC28F2C24F}.Debug|Any CPU.Build.0 = Debug|Any CPU
		{9D5464F6-03EF-4510-8E98-23CC28F2C24F}.Release|Any CPU.ActiveCfg = Release|Any CPU
		{9D5464F6-03EF-4510-8E98-23CC28F2C24F}.Release|Any CPU.Build.0 = Release|Any CPU
	EndGlobalSection
	GlobalSection(SolutionProperties) = preSolution
		HideSolutionNode = FALSE
	EndGlobalSection
EndGlobal
